// !$*UTF8*$!
{
	archiveVersion = 1;
	classes = {
	};
	objectVersion = 56;
	objects = {

/* Begin PBXBuildFile section */
		31C17D382C96E9CB002D4B9B /* MatchMate_newApp.swift in Sources */ = {isa = PBXBuildFile; fileRef = 31C17D372C96E9CB002D4B9B /* MatchMate_newApp.swift */; };
		31C17D3A2C96E9CB002D4B9B /* ContentView.swift in Sources */ = {isa = PBXBuildFile; fileRef = 31C17D392C96E9CB002D4B9B /* ContentView.swift */; };
		31C17D3C2C96E9CD002D4B9B /* Assets.xcassets in Resources */ = {isa = PBXBuildFile; fileRef = 31C17D3B2C96E9CD002D4B9B /* Assets.xcassets */; };
		31C17D3F2C96E9CD002D4B9B /* Preview Assets.xcassets in Resources */ = {isa = PBXBuildFile; fileRef = 31C17D3E2C96E9CD002D4B9B /* Preview Assets.xcassets */; };
		31C17D412C96E9CD002D4B9B /* Persistence.swift in Sources */ = {isa = PBXBuildFile; fileRef = 31C17D402C96E9CD002D4B9B /* Persistence.swift */; };
		31C17D4C2C96EA42002D4B9B /* Alamofire in Frameworks */ = {isa = PBXBuildFile; productRef = 31C17D4B2C96EA42002D4B9B /* Alamofire */; };
		31C17D512C96EAC4002D4B9B /* SDWebImageSwiftUI in Frameworks */ = {isa = PBXBuildFile; productRef = 31C17D502C96EAC4002D4B9B /* SDWebImageSwiftUI */; };
		31C17D542C96EAF9002D4B9B /* RxBlocking in Frameworks */ = {isa = PBXBuildFile; productRef = 31C17D532C96EAF9002D4B9B /* RxBlocking */; };
		31C17D562C96EAF9002D4B9B /* RxBlocking-Dynamic in Frameworks */ = {isa = PBXBuildFile; productRef = 31C17D552C96EAF9002D4B9B /* RxBlocking-Dynamic */; };
		31C17D582C96EAF9002D4B9B /* RxCocoa in Frameworks */ = {isa = PBXBuildFile; productRef = 31C17D572C96EAF9002D4B9B /* RxCocoa */; };
		31C17D5A2C96EAF9002D4B9B /* RxCocoa-Dynamic in Frameworks */ = {isa = PBXBuildFile; productRef = 31C17D592C96EAF9002D4B9B /* RxCocoa-Dynamic */; };
		31C17D5C2C96EAF9002D4B9B /* RxRelay in Frameworks */ = {isa = PBXBuildFile; productRef = 31C17D5B2C96EAF9002D4B9B /* RxRelay */; };
		31C17D622C96F25E002D4B9B /* MatchMateViewModel.swift in Sources */ = {isa = PBXBuildFile; fileRef = 31C17D612C96F25E002D4B9B /* MatchMateViewModel.swift */; };
		31C17D642C96F32A002D4B9B /* UserProfile.swift in Sources */ = {isa = PBXBuildFile; fileRef = 31C17D632C96F32A002D4B9B /* UserProfile.swift */; };
		31C17D6E2C994E44002D4B9B /* CoreDataModel.xcdatamodeld in Sources */ = {isa = PBXBuildFile; fileRef = 31C17D6C2C994E44002D4B9B /* CoreDataModel.xcdatamodeld */; };
		31C17D712C99E559002D4B9B /* NetworkMonitor.swift in Sources */ = {isa = PBXBuildFile; fileRef = 31C17D702C99E559002D4B9B /* NetworkMonitor.swift */; };
		31C17D732C99EB0C002D4B9B /* ToastView.swift in Sources */ = {isa = PBXBuildFile; fileRef = 31C17D722C99EB0C002D4B9B /* ToastView.swift */; };
		31C17D752C99F042002D4B9B /* MatchCardView.swift in Sources */ = {isa = PBXBuildFile; fileRef = 31C17D742C99F042002D4B9B /* MatchCardView.swift */; };
		31C17D782C99F173002D4B9B /* Constants.swift in Sources */ = {isa = PBXBuildFile; fileRef = 31C17D772C99F173002D4B9B /* Constants.swift */; };
/* End PBXBuildFile section */

/* Begin PBXFileReference section */
		31C17D342C96E9CB002D4B9B /* MatchMate_new.app */ = {isa = PBXFileReference; explicitFileType = wrapper.application; includeInIndex = 0; path = MatchMate_new.app; sourceTree = BUILT_PRODUCTS_DIR; };
		31C17D372C96E9CB002D4B9B /* MatchMate_newApp.swift */ = {isa = PBXFileReference; lastKnownFileType = sourcecode.swift; path = MatchMate_newApp.swift; sourceTree = "<group>"; };
		31C17D392C96E9CB002D4B9B /* ContentView.swift */ = {isa = PBXFileReference; lastKnownFileType = sourcecode.swift; path = ContentView.swift; sourceTree = "<group>"; };
		31C17D3B2C96E9CD002D4B9B /* Assets.xcassets */ = {isa = PBXFileReference; lastKnownFileType = folder.assetcatalog; path = Assets.xcassets; sourceTree = "<group>"; };
		31C17D3E2C96E9CD002D4B9B /* Preview Assets.xcassets */ = {isa = PBXFileReference; lastKnownFileType = folder.assetcatalog; path = "Preview Assets.xcassets"; sourceTree = "<group>"; };
		31C17D402C96E9CD002D4B9B /* Persistence.swift */ = {isa = PBXFileReference; lastKnownFileType = sourcecode.swift; path = Persistence.swift; sourceTree = "<group>"; };
		31C17D612C96F25E002D4B9B /* MatchMateViewModel.swift */ = {isa = PBXFileReference; lastKnownFileType = sourcecode.swift; path = MatchMateViewModel.swift; sourceTree = "<group>"; };
		31C17D632C96F32A002D4B9B /* UserProfile.swift */ = {isa = PBXFileReference; lastKnownFileType = sourcecode.swift; path = UserProfile.swift; sourceTree = "<group>"; };
		31C17D6D2C994E44002D4B9B /* CoreDataModel.xcdatamodel */ = {isa = PBXFileReference; lastKnownFileType = wrapper.xcdatamodel; path = CoreDataModel.xcdatamodel; sourceTree = "<group>"; };
		31C17D702C99E559002D4B9B /* NetworkMonitor.swift */ = {isa = PBXFileReference; lastKnownFileType = sourcecode.swift; path = NetworkMonitor.swift; sourceTree = "<group>"; };
		31C17D722C99EB0C002D4B9B /* ToastView.swift */ = {isa = PBXFileReference; lastKnownFileType = sourcecode.swift; path = ToastView.swift; sourceTree = "<group>"; };
		31C17D742C99F042002D4B9B /* MatchCardView.swift */ = {isa = PBXFileReference; lastKnownFileType = sourcecode.swift; path = MatchCardView.swift; sourceTree = "<group>"; };
		31C17D772C99F173002D4B9B /* Constants.swift */ = {isa = PBXFileReference; lastKnownFileType = sourcecode.swift; path = Constants.swift; sourceTree = "<group>"; };
/* End PBXFileReference section */

/* Begin PBXFrameworksBuildPhase section */
		31C17D312C96E9CB002D4B9B /* Frameworks */ = {
			isa = PBXFrameworksBuildPhase;
			buildActionMask = 2147483647;
			files = (
				31C17D582C96EAF9002D4B9B /* RxCocoa in Frameworks */,
				31C17D5A2C96EAF9002D4B9B /* RxCocoa-Dynamic in Frameworks */,
				31C17D512C96EAC4002D4B9B /* SDWebImageSwiftUI in Frameworks */,
				31C17D542C96EAF9002D4B9B /* RxBlocking in Frameworks */,
				31C17D4C2C96EA42002D4B9B /* Alamofire in Frameworks */,
				31C17D5C2C96EAF9002D4B9B /* RxRelay in Frameworks */,
				31C17D562C96EAF9002D4B9B /* RxBlocking-Dynamic in Frameworks */,
			);
			runOnlyForDeploymentPostprocessing = 0;
		};
/* End PBXFrameworksBuildPhase section */

/* Begin PBXGroup section */
		31C17D2B2C96E9CB002D4B9B = {
			isa = PBXGroup;
			children = (
				31C17D362C96E9CB002D4B9B /* MatchMate_new */,
				31C17D352C96E9CB002D4B9B /* Products */,
			);
			sourceTree = "<group>";
		};
		31C17D352C96E9CB002D4B9B /* Products */ = {
			isa = PBXGroup;
			children = (
				31C17D342C96E9CB002D4B9B /* MatchMate_new.app */,
			);
			name = Products;
			sourceTree = "<group>";
		};
		31C17D362C96E9CB002D4B9B /* MatchMate_new */ = {
			isa = PBXGroup;
			children = (
				31C17D762C99F0C9002D4B9B /* Constants */,
				31C17D6F2C99E53D002D4B9B /* Network Monitor */,
				31C17D602C96EBCA002D4B9B /* Storage */,
				31C17D5F2C96EB8F002D4B9B /* Model */,
				31C17D5E2C96EB7C002D4B9B /* View Model */,
				31C17D5D2C96EB71002D4B9B /* View */,
				31C17D372C96E9CB002D4B9B /* MatchMate_newApp.swift */,
				31C17D3B2C96E9CD002D4B9B /* Assets.xcassets */,
				31C17D402C96E9CD002D4B9B /* Persistence.swift */,
				31C17D3D2C96E9CD002D4B9B /* Preview Content */,
			);
			path = MatchMate_new;
			sourceTree = "<group>";
		};
		31C17D3D2C96E9CD002D4B9B /* Preview Content */ = {
			isa = PBXGroup;
			children = (
				31C17D3E2C96E9CD002D4B9B /* Preview Assets.xcassets */,
			);
			path = "Preview Content";
			sourceTree = "<group>";
		};
		31C17D5D2C96EB71002D4B9B /* View */ = {
			isa = PBXGroup;
			children = (
				31C17D392C96E9CB002D4B9B /* ContentView.swift */,
				31C17D722C99EB0C002D4B9B /* ToastView.swift */,
				31C17D742C99F042002D4B9B /* MatchCardView.swift */,
			);
			path = View;
			sourceTree = "<group>";
		};
		31C17D5E2C96EB7C002D4B9B /* View Model */ = {
			isa = PBXGroup;
			children = (
				31C17D612C96F25E002D4B9B /* MatchMateViewModel.swift */,
			);
			path = "View Model\b";
			sourceTree = "<group>";
		};
		31C17D5F2C96EB8F002D4B9B /* Model */ = {
			isa = PBXGroup;
			children = (
				31C17D632C96F32A002D4B9B /* UserProfile.swift */,
			);
			path = Model;
			sourceTree = "<group>";
		};
		31C17D602C96EBCA002D4B9B /* Storage */ = {
			isa = PBXGroup;
			children = (
				31C17D6C2C994E44002D4B9B /* CoreDataModel.xcdatamodeld */,
			);
			path = Storage;
			sourceTree = "<group>";
		};
		31C17D6F2C99E53D002D4B9B /* Network Monitor */ = {
			isa = PBXGroup;
			children = (
				31C17D702C99E559002D4B9B /* NetworkMonitor.swift */,
			);
			path = "Network Monitor";
			sourceTree = "<group>";
		};
		31C17D762C99F0C9002D4B9B /* Constants */ = {
			isa = PBXGroup;
			children = (
				31C17D772C99F173002D4B9B /* Constants.swift */,
			);
			path = Constants;
			sourceTree = "<group>";
		};
/* End PBXGroup section */

/* Begin PBXNativeTarget section */
		31C17D332C96E9CB002D4B9B /* MatchMate_new */ = {
			isa = PBXNativeTarget;
			buildConfigurationList = 31C17D472C96E9CD002D4B9B /* Build configuration list for PBXNativeTarget "MatchMate_new" */;
			buildPhases = (
				31C17D302C96E9CB002D4B9B /* Sources */,
				31C17D312C96E9CB002D4B9B /* Frameworks */,
				31C17D322C96E9CB002D4B9B /* Resources */,
			);
			buildRules = (
			);
			dependencies = (
			);
			name = MatchMate_new;
			packageProductDependencies = (
				31C17D4B2C96EA42002D4B9B /* Alamofire */,
				31C17D502C96EAC4002D4B9B /* SDWebImageSwiftUI */,
				31C17D532C96EAF9002D4B9B /* RxBlocking */,
				31C17D552C96EAF9002D4B9B /* RxBlocking-Dynamic */,
				31C17D572C96EAF9002D4B9B /* RxCocoa */,
				31C17D592C96EAF9002D4B9B /* RxCocoa-Dynamic */,
				31C17D5B2C96EAF9002D4B9B /* RxRelay */,
			);
			productName = MatchMate_new;
			productReference = 31C17D342C96E9CB002D4B9B /* MatchMate_new.app */;
			productType = "com.apple.product-type.application";
		};
/* End PBXNativeTarget section */

/* Begin PBXProject section */
		31C17D2C2C96E9CB002D4B9B /* Project object */ = {
			isa = PBXProject;
			attributes = {
				BuildIndependentTargetsInParallel = 1;
				LastSwiftUpdateCheck = 1500;
				LastUpgradeCheck = 1500;
				TargetAttributes = {
					31C17D332C96E9CB002D4B9B = {
						CreatedOnToolsVersion = 15.0;
					};
				};
			};
			buildConfigurationList = 31C17D2F2C96E9CB002D4B9B /* Build configuration list for PBXProject "MatchMate_new" */;
			compatibilityVersion = "Xcode 14.0";
			developmentRegion = en;
			hasScannedForEncodings = 0;
			knownRegions = (
				en,
				Base,
			);
			mainGroup = 31C17D2B2C96E9CB002D4B9B;
			packageReferences = (
				31C17D4A2C96EA42002D4B9B /* XCRemoteSwiftPackageReference "Alamofire" */,
				31C17D4F2C96EAC4002D4B9B /* XCRemoteSwiftPackageReference "SDWebImageSwiftUI" */,
				31C17D522C96EAF9002D4B9B /* XCRemoteSwiftPackageReference "RxSwift" */,
			);
			productRefGroup = 31C17D352C96E9CB002D4B9B /* Products */;
			projectDirPath = "";
			projectRoot = "";
			targets = (
				31C17D332C96E9CB002D4B9B /* MatchMate_new */,
			);
		};
/* End PBXProject section */

/* Begin PBXResourcesBuildPhase section */
		31C17D322C96E9CB002D4B9B /* Resources */ = {
			isa = PBXResourcesBuildPhase;
			buildActionMask = 2147483647;
			files = (
				31C17D3F2C96E9CD002D4B9B /* Preview Assets.xcassets in Resources */,
				31C17D3C2C96E9CD002D4B9B /* Assets.xcassets in Resources */,
			);
			runOnlyForDeploymentPostprocessing = 0;
		};
/* End PBXResourcesBuildPhase section */

/* Begin PBXSourcesBuildPhase section */
		31C17D302C96E9CB002D4B9B /* Sources */ = {
			isa = PBXSourcesBuildPhase;
			buildActionMask = 2147483647;
			files = (
				31C17D732C99EB0C002D4B9B /* ToastView.swift in Sources */,
				31C17D622C96F25E002D4B9B /* MatchMateViewModel.swift in Sources */,
				31C17D412C96E9CD002D4B9B /* Persistence.swift in Sources */,
				31C17D6E2C994E44002D4B9B /* CoreDataModel.xcdatamodeld in Sources */,
				31C17D642C96F32A002D4B9B /* UserProfile.swift in Sources */,
				31C17D782C99F173002D4B9B /* Constants.swift in Sources */,
				31C17D3A2C96E9CB002D4B9B /* ContentView.swift in Sources */,
				31C17D382C96E9CB002D4B9B /* MatchMate_newApp.swift in Sources */,
				31C17D752C99F042002D4B9B /* MatchCardView.swift in Sources */,
				31C17D712C99E559002D4B9B /* NetworkMonitor.swift in Sources */,
			);
			runOnlyForDeploymentPostprocessing = 0;
		};
/* End PBXSourcesBuildPhase section */

/* Begin XCBuildConfiguration section */
		31C17D452C96E9CD002D4B9B /* Debug */ = {
			isa = XCBuildConfiguration;
			buildSettings = {
				ALWAYS_SEARCH_USER_PATHS = NO;
				ASSETCATALOG_COMPILER_GENERATE_SWIFT_ASSET_SYMBOL_EXTENSIONS = YES;
				CLANG_ANALYZER_NONNULL = YES;
				CLANG_ANALYZER_NUMBER_OBJECT_CONVERSION = YES_AGGRESSIVE;
				CLANG_CXX_LANGUAGE_STANDARD = "gnu++20";
				CLANG_ENABLE_MODULES = YES;
				CLANG_ENABLE_OBJC_ARC = YES;
				CLANG_ENABLE_OBJC_WEAK = YES;
				CLANG_WARN_BLOCK_CAPTURE_AUTORELEASING = YES;
				CLANG_WARN_BOOL_CONVERSION = YES;
				CLANG_WARN_COMMA = YES;
				CLANG_WARN_CONSTANT_CONVERSION = YES;
				CLANG_WARN_DEPRECATED_OBJC_IMPLEMENTATIONS = YES;
				CLANG_WARN_DIRECT_OBJC_ISA_USAGE = YES_ERROR;
				CLANG_WARN_DOCUMENTATION_COMMENTS = YES;
				CLANG_WARN_EMPTY_BODY = YES;
				CLANG_WARN_ENUM_CONVERSION = YES;
				CLANG_WARN_INFINITE_RECURSION = YES;
				CLANG_WARN_INT_CONVERSION = YES;
				CLANG_WARN_NON_LITERAL_NULL_CONVERSION = YES;
				CLANG_WARN_OBJC_IMPLICIT_RETAIN_SELF = YES;
				CLANG_WARN_OBJC_LITERAL_CONVERSION = YES;
				CLANG_WARN_OBJC_ROOT_CLASS = YES_ERROR;
				CLANG_WARN_QUOTED_INCLUDE_IN_FRAMEWORK_HEADER = YES;
				CLANG_WARN_RANGE_LOOP_ANALYSIS = YES;
				CLANG_WARN_STRICT_PROTOTYPES = YES;
				CLANG_WARN_SUSPICIOUS_MOVE = YES;
				CLANG_WARN_UNGUARDED_AVAILABILITY = YES_AGGRESSIVE;
				CLANG_WARN_UNREACHABLE_CODE = YES;
				CLANG_WARN__DUPLICATE_METHOD_MATCH = YES;
				COPY_PHASE_STRIP = NO;
				DEBUG_INFORMATION_FORMAT = dwarf;
				ENABLE_STRICT_OBJC_MSGSEND = YES;
				ENABLE_TESTABILITY = YES;
				ENABLE_USER_SCRIPT_SANDBOXING = YES;
				GCC_C_LANGUAGE_STANDARD = gnu17;
				GCC_DYNAMIC_NO_PIC = NO;
				GCC_NO_COMMON_BLOCKS = YES;
				GCC_OPTIMIZATION_LEVEL = 0;
				GCC_PREPROCESSOR_DEFINITIONS = (
					"DEBUG=1",
					"$(inherited)",
				);
				GCC_WARN_64_TO_32_BIT_CONVERSION = YES;
				GCC_WARN_ABOUT_RETURN_TYPE = YES_ERROR;
				GCC_WARN_UNDECLARED_SELECTOR = YES;
				GCC_WARN_UNINITIALIZED_AUTOS = YES_AGGRESSIVE;
				GCC_WARN_UNUSED_FUNCTION = YES;
				GCC_WARN_UNUSED_VARIABLE = YES;
				IPHONEOS_DEPLOYMENT_TARGET = 17.0;
				LOCALIZATION_PREFERS_STRING_CATALOGS = YES;
				MTL_ENABLE_DEBUG_INFO = INCLUDE_SOURCE;
				MTL_FAST_MATH = YES;
				ONLY_ACTIVE_ARCH = YES;
				SDKROOT = iphoneos;
				SWIFT_ACTIVE_COMPILATION_CONDITIONS = "DEBUG $(inherited)";
				SWIFT_OPTIMIZATION_LEVEL = "-Onone";
			};
			name = Debug;
		};
		31C17D462C96E9CD002D4B9B /* Release */ = {
			isa = XCBuildConfiguration;
			buildSettings = {
				ALWAYS_SEARCH_USER_PATHS = NO;
				ASSETCATALOG_COMPILER_GENERATE_SWIFT_ASSET_SYMBOL_EXTENSIONS = YES;
				CLANG_ANALYZER_NONNULL = YES;
				CLANG_ANALYZER_NUMBER_OBJECT_CONVERSION = YES_AGGRESSIVE;
				CLANG_CXX_LANGUAGE_STANDARD = "gnu++20";
				CLANG_ENABLE_MODULES = YES;
				CLANG_ENABLE_OBJC_ARC = YES;
				CLANG_ENABLE_OBJC_WEAK = YES;
				CLANG_WARN_BLOCK_CAPTURE_AUTORELEASING = YES;
				CLANG_WARN_BOOL_CONVERSION = YES;
				CLANG_WARN_COMMA = YES;
				CLANG_WARN_CONSTANT_CONVERSION = YES;
				CLANG_WARN_DEPRECATED_OBJC_IMPLEMENTATIONS = YES;
				CLANG_WARN_DIRECT_OBJC_ISA_USAGE = YES_ERROR;
				CLANG_WARN_DOCUMENTATION_COMMENTS = YES;
				CLANG_WARN_EMPTY_BODY = YES;
				CLANG_WARN_ENUM_CONVERSION = YES;
				CLANG_WARN_INFINITE_RECURSION = YES;
				CLANG_WARN_INT_CONVERSION = YES;
				CLANG_WARN_NON_LITERAL_NULL_CONVERSION = YES;
				CLANG_WARN_OBJC_IMPLICIT_RETAIN_SELF = YES;
				CLANG_WARN_OBJC_LITERAL_CONVERSION = YES;
				CLANG_WARN_OBJC_ROOT_CLASS = YES_ERROR;
				CLANG_WARN_QUOTED_INCLUDE_IN_FRAMEWORK_HEADER = YES;
				CLANG_WARN_RANGE_LOOP_ANALYSIS = YES;
				CLANG_WARN_STRICT_PROTOTYPES = YES;
				CLANG_WARN_SUSPICIOUS_MOVE = YES;
				CLANG_WARN_UNGUARDED_AVAILABILITY = YES_AGGRESSIVE;
				CLANG_WARN_UNREACHABLE_CODE = YES;
				CLANG_WARN__DUPLICATE_METHOD_MATCH = YES;
				COPY_PHASE_STRIP = NO;
				DEBUG_INFORMATION_FORMAT = "dwarf-with-dsym";
				ENABLE_NS_ASSERTIONS = NO;
				ENABLE_STRICT_OBJC_MSGSEND = YES;
				ENABLE_USER_SCRIPT_SANDBOXING = YES;
				GCC_C_LANGUAGE_STANDARD = gnu17;
				GCC_NO_COMMON_BLOCKS = YES;
				GCC_WARN_64_TO_32_BIT_CONVERSION = YES;
				GCC_WARN_ABOUT_RETURN_TYPE = YES_ERROR;
				GCC_WARN_UNDECLARED_SELECTOR = YES;
				GCC_WARN_UNINITIALIZED_AUTOS = YES_AGGRESSIVE;
				GCC_WARN_UNUSED_FUNCTION = YES;
				GCC_WARN_UNUSED_VARIABLE = YES;
				IPHONEOS_DEPLOYMENT_TARGET = 17.0;
				LOCALIZATION_PREFERS_STRING_CATALOGS = YES;
				MTL_ENABLE_DEBUG_INFO = NO;
				MTL_FAST_MATH = YES;
				SDKROOT = iphoneos;
				SWIFT_COMPILATION_MODE = wholemodule;
				VALIDATE_PRODUCT = YES;
			};
			name = Release;
		};
		31C17D482C96E9CD002D4B9B /* Debug */ = {
			isa = XCBuildConfiguration;
			buildSettings = {
				ASSETCATALOG_COMPILER_APPICON_NAME = AppIcon;
				ASSETCATALOG_COMPILER_GLOBAL_ACCENT_COLOR_NAME = AccentColor;
				CODE_SIGN_STYLE = Automatic;
				CURRENT_PROJECT_VERSION = 1;
				DEVELOPMENT_ASSET_PATHS = "\"MatchMate_new/Preview Content\"";
				ENABLE_PREVIEWS = YES;
				GENERATE_INFOPLIST_FILE = YES;
				INFOPLIST_KEY_UIApplicationSceneManifest_Generation = YES;
				INFOPLIST_KEY_UIApplicationSupportsIndirectInputEvents = YES;
				INFOPLIST_KEY_UILaunchScreen_Generation = YES;
				INFOPLIST_KEY_UISupportedInterfaceOrientations_iPad = "UIInterfaceOrientationPortrait UIInterfaceOrientationPortraitUpsideDown UIInterfaceOrientationLandscapeLeft UIInterfaceOrientationLandscapeRight";
				INFOPLIST_KEY_UISupportedInterfaceOrientations_iPhone = "UIInterfaceOrientationPortrait UIInterfaceOrientationLandscapeLeft UIInterfaceOrientationLandscapeRight";
				LD_RUNPATH_SEARCH_PATHS = (
					"$(inherited)",
					"@executable_path/Frameworks",
				);
				MARKETING_VERSION = 1.0;
				PRODUCT_BUNDLE_IDENTIFIER = "com.demo-playground.MatchMate-new";
				PRODUCT_NAME = "$(TARGET_NAME)";
				SWIFT_EMIT_LOC_STRINGS = YES;
				SWIFT_VERSION = 5.0;
				TARGETED_DEVICE_FAMILY = "1,2";
			};
			name = Debug;
		};
		31C17D492C96E9CD002D4B9B /* Release */ = {
			isa = XCBuildConfiguration;
			buildSettings = {
				ASSETCATALOG_COMPILER_APPICON_NAME = AppIcon;
				ASSETCATALOG_COMPILER_GLOBAL_ACCENT_COLOR_NAME = AccentColor;
				CODE_SIGN_STYLE = Automatic;
				CURRENT_PROJECT_VERSION = 1;
				DEVELOPMENT_ASSET_PATHS = "\"MatchMate_new/Preview Content\"";
				ENABLE_PREVIEWS = YES;
				GENERATE_INFOPLIST_FILE = YES;
				INFOPLIST_KEY_UIApplicationSceneManifest_Generation = YES;
				INFOPLIST_KEY_UIApplicationSupportsIndirectInputEvents = YES;
				INFOPLIST_KEY_UILaunchScreen_Generation = YES;
				INFOPLIST_KEY_UISupportedInterfaceOrientations_iPad = "UIInterfaceOrientationPortrait UIInterfaceOrientationPortraitUpsideDown UIInterfaceOrientationLandscapeLeft UIInterfaceOrientationLandscapeRight";
				INFOPLIST_KEY_UISupportedInterfaceOrientations_iPhone = "UIInterfaceOrientationPortrait UIInterfaceOrientationLandscapeLeft UIInterfaceOrientationLandscapeRight";
				LD_RUNPATH_SEARCH_PATHS = (
					"$(inherited)",
					"@executable_path/Frameworks",
				);
				MARKETING_VERSION = 1.0;
				PRODUCT_BUNDLE_IDENTIFIER = "com.demo-playground.MatchMate-new";
				PRODUCT_NAME = "$(TARGET_NAME)";
				SWIFT_EMIT_LOC_STRINGS = YES;
				SWIFT_VERSION = 5.0;
				TARGETED_DEVICE_FAMILY = "1,2";
			};
			name = Release;
		};
/* End XCBuildConfiguration section */

/* Begin XCConfigurationList section */
		31C17D2F2C96E9CB002D4B9B /* Build configuration list for PBXProject "MatchMate_new" */ = {
			isa = XCConfigurationList;
			buildConfigurations = (
				31C17D452C96E9CD002D4B9B /* Debug */,
				31C17D462C96E9CD002D4B9B /* Release */,
			);
			defaultConfigurationIsVisible = 0;
			defaultConfigurationName = Release;
		};
		31C17D472C96E9CD002D4B9B /* Build configuration list for PBXNativeTarget "MatchMate_new" */ = {
			isa = XCConfigurationList;
			buildConfigurations = (
				31C17D482C96E9CD002D4B9B /* Debug */,
				31C17D492C96E9CD002D4B9B /* Release */,
			);
			defaultConfigurationIsVisible = 0;
			defaultConfigurationName = Release;
		};
/* End XCConfigurationList section */

/* Begin XCRemoteSwiftPackageReference section */
		31C17D4A2C96EA42002D4B9B /* XCRemoteSwiftPackageReference "Alamofire" */ = {
			isa = XCRemoteSwiftPackageReference;
			repositoryURL = "https://github.com/Alamofire/Alamofire.git";
			requirement = {
				kind = upToNextMajorVersion;
				minimumVersion = 5.9.1;
			};
		};
		31C17D4F2C96EAC4002D4B9B /* XCRemoteSwiftPackageReference "SDWebImageSwiftUI" */ = {
			isa = XCRemoteSwiftPackageReference;
			repositoryURL = "https://github.com/SDWebImage/SDWebImageSwiftUI.git";
			requirement = {
				kind = versionRange;
				maximumVersion = 4.0.0;
				minimumVersion = 3.1.2;
			};
		};
		31C17D522C96EAF9002D4B9B /* XCRemoteSwiftPackageReference "RxSwift" */ = {
			isa = XCRemoteSwiftPackageReference;
			repositoryURL = "https://github.com/ReactiveX/RxSwift.git";
			requirement = {
				kind = versionRange;
				maximumVersion = 7.0.0;
				minimumVersion = 6.5.0;
			};
		};
/* End XCRemoteSwiftPackageReference section */

/* Begin XCSwiftPackageProductDependency section */
		31C17D4B2C96EA42002D4B9B /* Alamofire */ = {
			isa = XCSwiftPackageProductDependency;
			package = 31C17D4A2C96EA42002D4B9B /* XCRemoteSwiftPackageReference "Alamofire" */;
			productName = Alamofire;
		};
		31C17D502C96EAC4002D4B9B /* SDWebImageSwiftUI */ = {
			isa = XCSwiftPackageProductDependency;
			package = 31C17D4F2C96EAC4002D4B9B /* XCRemoteSwiftPackageReference "SDWebImageSwiftUI" */;
			productName = SDWebImageSwiftUI;
		};
		31C17D532C96EAF9002D4B9B /* RxBlocking */ = {
			isa = XCSwiftPackageProductDependency;
			package = 31C17D522C96EAF9002D4B9B /* XCRemoteSwiftPackageReference "RxSwift" */;
			productName = RxBlocking;
		};
		31C17D552C96EAF9002D4B9B /* RxBlocking-Dynamic */ = {
			isa = XCSwiftPackageProductDependency;
			package = 31C17D522C96EAF9002D4B9B /* XCRemoteSwiftPackageReference "RxSwift" */;
			productName = "RxBlocking-Dynamic";
		};
		31C17D572C96EAF9002D4B9B /* RxCocoa */ = {
			isa = XCSwiftPackageProductDependency;
			package = 31C17D522C96EAF9002D4B9B /* XCRemoteSwiftPackageReference "RxSwift" */;
			productName = RxCocoa;
		};
		31C17D592C96EAF9002D4B9B /* RxCocoa-Dynamic */ = {
			isa = XCSwiftPackageProductDependency;
			package = 31C17D522C96EAF9002D4B9B /* XCRemoteSwiftPackageReference "RxSwift" */;
			productName = "RxCocoa-Dynamic";
		};
		31C17D5B2C96EAF9002D4B9B /* RxRelay */ = {
			isa = XCSwiftPackageProductDependency;
			package = 31C17D522C96EAF9002D4B9B /* XCRemoteSwiftPackageReference "RxSwift" */;
			productName = RxRelay;
		};
/* End XCSwiftPackageProductDependency section */

/* Begin XCVersionGroup section */
		31C17D6C2C994E44002D4B9B /* CoreDataModel.xcdatamodeld */ = {
			isa = XCVersionGroup;
			children = (
				31C17D6D2C994E44002D4B9B /* CoreDataModel.xcdatamodel */,
			);
			currentVersion = 31C17D6D2C994E44002D4B9B /* CoreDataModel.xcdatamodel */;
			path = CoreDataModel.xcdatamodeld;
			sourceTree = "<group>";
			versionGroupType = wrapper.xcdatamodel;
		};
/* End XCVersionGroup section */
	};
	rootObject = 31C17D2C2C96E9CB002D4B9B /* Project object */;
}
